Microsoft Visual Studio Solution File, Format Version 12.00
# Visual Studio Version 17
VisualStudioVersion = 17.5.2.0
MinimumVisualStudioVersion = 10.0.40219.1
Project("{FAE04EC0-301F-11D3-BF4B-00C04F79EFBC}") = "restwebapi", "restwebapi\restwebapi.csproj", "{AE067779-81A3-7469-CA01-CCE71AD7794B}"
EndProject
Project("{FAE04EC0-301F-11D3-BF4B-00C04F79EFBC}") = "grpcapi", "grpcapi\grpcapi.csproj", "{C3D4B159-5CDB-4F1B-B1C8-2F2C4634E840}"
EndProject
Project("{FAE04EC0-301F-11D3-BF4B-00C04F79EFBC}") = "websocketapi", "websocketapi\websocketapi.csproj", "{3F518E72-07C4-4B97-BFB5-DAA495FAD371}"
EndProject
Project("{FAE04EC0-301F-11D3-BF4B-00C04F79EFBC}") = "rabbitmqapi", "rabbitmqapi\rabbitmqapi.csproj", "{9EB79A6D-8870-489F-90E9-0B49360D9049}"
EndProject
Global
	GlobalSection(SolutionConfigurationPlatforms) = preSolution
		Debug|Any CPU = Debug|Any CPU
		Release|Any CPU = Release|Any CPU
	EndGlobalSection
	GlobalSection(ProjectConfigurationPlatforms) = postSolution
		{AE067779-81A3-7469-CA01-CCE71AD7794B}.Debug|Any CPU.ActiveCfg = Debug|Any CPU
		{AE067779-81A3-7469-CA01-CCE71AD7794B}.Debug|Any CPU.Build.0 = Debug|Any CPU
		{AE067779-81A3-7469-CA01-CCE71AD7794B}.Release|Any CPU.ActiveCfg = Release|Any CPU
		{AE067779-81A3-7469-CA01-CCE71AD7794B}.Release|Any CPU.Build.0 = Release|Any CPU
		{C3D4B159-5CDB-4F1B-B1C8-2F2C4634E840}.Debug|Any CPU.ActiveCfg = Debug|Any CPU
		{C3D4B159-5CDB-4F1B-B1C8-2F2C4634E840}.Debug|Any CPU.Build.0 = Debug|Any CPU
		{C3D4B159-5CDB-4F1B-B1C8-2F2C4634E840}.Release|Any CPU.ActiveCfg = Release|Any CPU
		{C3D4B159-5CDB-4F1B-B1C8-2F2C4634E840}.Release|Any CPU.Build.0 = Release|Any CPU
		{3F518E72-07C4-4B97-BFB5-DAA495FAD371}.Debug|Any CPU.ActiveCfg = Debug|Any CPU
		{3F518E72-07C4-4B97-BFB5-DAA495FAD371}.Debug|Any CPU.Build.0 = Debug|Any CPU
		{3F518E72-07C4-4B97-BFB5-DAA495FAD371}.Release|Any CPU.ActiveCfg = Release|Any CPU
		{3F518E72-07C4-4B97-BFB5-DAA495FAD371}.Release|Any CPU.Build.0 = Release|Any CPU
		{9EB79A6D-8870-489F-90E9-0B49360D9049}.Debug|Any CPU.ActiveCfg = Debug|Any CPU
		{9EB79A6D-8870-489F-90E9-0B49360D9049}.Debug|Any CPU.Build.0 = Debug|Any CPU
		{9EB79A6D-8870-489F-90E9-0B49360D9049}.Release|Any CPU.ActiveCfg = Release|Any CPU
		{9EB79A6D-8870-489F-90E9-0B49360D9049}.Release|Any CPU.Build.0 = Release|Any CPU
	EndGlobalSection
	GlobalSection(SolutionProperties) = preSolution
		HideSolutionNode = FALSE
	EndGlobalSection
	GlobalSection(ExtensibilityGlobals) = postSolution
		SolutionGuid = {0B620312-661A-4768-93DC-18399A65446E}
	EndGlobalSection
EndGlobal
